// !$*UTF8*$!
{
	archiveVersion = 1;
	classes = {
	};
	objectVersion = 50;
	objects = {

/* Begin PBXBuildFile section */
		040846CA278061BB0072D8B2 /* asdApp.swift in Sources */ = {isa = PBXBuildFile; fileRef = 040846C9278061BB0072D8B2 /* asdApp.swift */; };
		040846CC278061BB0072D8B2 /* ContentView.swift in Sources */ = {isa = PBXBuildFile; fileRef = 040846CB278061BB0072D8B2 /* ContentView.swift */; };
		040846CE278061BD0072D8B2 /* Assets.xcassets in Resources */ = {isa = PBXBuildFile; fileRef = 040846CD278061BD0072D8B2 /* Assets.xcassets */; };
		040846D1278061BD0072D8B2 /* Preview Assets.xcassets in Resources */ = {isa = PBXBuildFile; fileRef = 040846D0278061BD0072D8B2 /* Preview Assets.xcassets */; };
		040846DC278061BD0072D8B2 /* asdTests.swift in Sources */ = {isa = PBXBuildFile; fileRef = 040846DB278061BD0072D8B2 /* asdTests.swift */; };
		040846E7278061BD0072D8B2 /* asdUITests.swift in Sources */ = {isa = PBXBuildFile; fileRef = 040846E6278061BD0072D8B2 /* asdUITests.swift */; };
/* End PBXBuildFile section */

/* Begin PBXContainerItemProxy section */
		040846D8278061BD0072D8B2 /* PBXContainerItemProxy */ = {
			isa = PBXContainerItemProxy;
			containerPortal = 040846BE278061BB0072D8B2 /* Project object */;
			proxyType = 1;
			remoteGlobalIDString = 040846C5278061BB0072D8B2;
			remoteInfo = asd;
		};
		040846E3278061BD0072D8B2 /* PBXContainerItemProxy */ = {
			isa = PBXContainerItemProxy;
			containerPortal = 040846BE278061BB0072D8B2 /* Project object */;
			proxyType = 1;
			remoteGlobalIDString = 040846C5278061BB0072D8B2;
			remoteInfo = asd;
		};
/* End PBXContainerItemProxy section */

/* Begin PBXFileReference section */
		040846C6278061BB0072D8B2 /* asd.app */ = {isa = PBXFileReference; explicitFileType = wrapper.application; includeInIndex = 0; path = asd.app; sourceTree = BUILT_PRODUCTS_DIR; };
		040846C9278061BB0072D8B2 /* asdApp.swift */ = {isa = PBXFileReference; lastKnownFileType = sourcecode.swift; path = asdApp.swift; sourceTree = "<group>"; };
		040846CB278061BB0072D8B2 /* ContentView.swift */ = {isa = PBXFileReference; lastKnownFileType = sourcecode.swift; path = ContentView.swift; sourceTree = "<group>"; };
		040846CD278061BD0072D8B2 /* Assets.xcassets */ = {isa = PBXFileReference; lastKnownFileType = folder.assetcatalog; path = Assets.xcassets; sourceTree = "<group>"; };
		040846D0278061BD0072D8B2 /* Preview Assets.xcassets */ = {isa = PBXFileReference; lastKnownFileType = folder.assetcatalog; path = "Preview Assets.xcassets"; sourceTree = "<group>"; };
		040846D2278061BD0072D8B2 /* Info.plist */ = {isa = PBXFileReference; lastKnownFileType = text.plist.xml; path = Info.plist; sourceTree = "<group>"; };
		040846D7278061BD0072D8B2 /* asdTests.xctest */ = {isa = PBXFileReference; explicitFileType = wrapper.cfbundle; includeInIndex = 0; path = asdTests.xctest; sourceTree = BUILT_PRODUCTS_DIR; };
		040846DB278061BD0072D8B2 /* asdTests.swift */ = {isa = PBXFileReference; lastKnownFileType = sourcecode.swift; path = asdTests.swift; sourceTree = "<group>"; };
		040846DD278061BD0072D8B2 /* Info.plist */ = {isa = PBXFileReference; lastKnownFileType = text.plist.xml; path = Info.plist; sourceTree = "<group>"; };
		040846E2278061BD0072D8B2 /* asdUITests.xctest */ = {isa = PBXFileReference; explicitFileType = wrapper.cfbundle; includeInIndex = 0; path = asdUITests.xctest; sourceTree = BUILT_PRODUCTS_DIR; };
		040846E6278061BD0072D8B2 /* asdUITests.swift */ = {isa = PBXFileReference; lastKnownFileType = sourcecode.swift; path = asdUITests.swift; sourceTree = "<group>"; };
		040846E8278061BD0072D8B2 /* Info.plist */ = {isa = PBXFileReference; lastKnownFileType = text.plist.xml; path = Info.plist; sourceTree = "<group>"; };
/* End PBXFileReference section */

/* Begin PBXFrameworksBuildPhase section */
		040846C3278061BB0072D8B2 /* Frameworks */ = {
			isa = PBXFrameworksBuildPhase;
			buildActionMask = 2147483647;
			files = (
			);
			runOnlyForDeploymentPostprocessing = 0;
		};
		040846D4278061BD0072D8B2 /* Frameworks */ = {
			isa = PBXFrameworksBuildPhase;
			buildActionMask = 2147483647;
			files = (
			);
			runOnlyForDeploymentPostprocessing = 0;
		};
		040846DF278061BD0072D8B2 /* Frameworks */ = {
			isa = PBXFrameworksBuildPhase;
			buildActionMask = 2147483647;
			files = (
			);
			runOnlyForDeploymentPostprocessing = 0;
		};
/* End PBXFrameworksBuildPhase section */

/* Begin PBXGroup section */
		040846BD278061BB0072D8B2 = {
			isa = PBXGroup;
			children = (
				040846C8278061BB0072D8B2 /* asd */,
				040846DA278061BD0072D8B2 /* asdTests */,
				040846E5278061BD0072D8B2 /* asdUITests */,
				040846C7278061BB0072D8B2 /* Products */,
			);
			sourceTree = "<group>";
		};
		040846C7278061BB0072D8B2 /* Products */ = {
			isa = PBXGroup;
			children = (
				040846C6278061BB0072D8B2 /* asd.app */,
				040846D7278061BD0072D8B2 /* asdTests.xctest */,
				040846E2278061BD0072D8B2 /* asdUITests.xctest */,
			);
			name = Products;
			sourceTree = "<group>";
		};
		040846C8278061BB0072D8B2 /* asd */ = {
			isa = PBXGroup;
			children = (
				040846C9278061BB0072D8B2 /* asdApp.swift */,
				040846CB278061BB0072D8B2 /* ContentView.swift */,
				040846CD278061BD0072D8B2 /* Assets.xcassets */,
				040846D2278061BD0072D8B2 /* Info.plist */,
				040846CF278061BD0072D8B2 /* Preview Content */,
			);
			path = asd;
			sourceTree = "<group>";
		};
		040846CF278061BD0072D8B2 /* Preview Content */ = {
			isa = PBXGroup;
			children = (
				040846D0278061BD0072D8B2 /* Preview Assets.xcassets */,
			);
			path = "Preview Content";
			sourceTree = "<group>";
		};
		040846DA278061BD0072D8B2 /* asdTests */ = {
			isa = PBXGroup;
			children = (
				040846DB278061BD0072D8B2 /* asdTests.swift */,
				040846DD278061BD0072D8B2 /* Info.plist */,
			);
			path = asdTests;
			sourceTree = "<group>";
		};
		040846E5278061BD0072D8B2 /* asdUITests */ = {
			isa = PBXGroup;
			children = (
				040846E6278061BD0072D8B2 /* asdUITests.swift */,
				040846E8278061BD0072D8B2 /* Info.plist */,
			);
			path = asdUITests;
			sourceTree = "<group>";
		};
/* End PBXGroup section */

/* Begin PBXNativeTarget section */
		040846C5278061BB0072D8B2 /* asd */ = {
			isa = PBXNativeTarget;
			buildConfigurationList = 040846EB278061BD0072D8B2 /* Build configuration list for PBXNativeTarget "asd" */;
			buildPhases = (
				040846C2278061BB0072D8B2 /* Sources */,
				040846C3278061BB0072D8B2 /* Frameworks */,
				040846C4278061BB0072D8B2 /* Resources */,
			);
			buildRules = (
			);
			dependencies = (
			);
			name = asd;
			productName = asd;
			productReference = 040846C6278061BB0072D8B2 /* asd.app */;
			productType = "com.apple.product-type.application";
		};
		040846D6278061BD0072D8B2 /* asdTests */ = {
			isa = PBXNativeTarget;
			buildConfigurationList = 040846EE278061BD0072D8B2 /* Build configuration list for PBXNativeTarget "asdTests" */;
			buildPhases = (
				040846D3278061BD0072D8B2 /* Sources */,
				040846D4278061BD0072D8B2 /* Frameworks */,
				040846D5278061BD0072D8B2 /* Resources */,
			);
			buildRules = (
			);
			dependencies = (
				040846D9278061BD0072D8B2 /* PBXTargetDependency */,
			);
			name = asdTests;
			productName = asdTests;
			productReference = 040846D7278061BD0072D8B2 /* asdTests.xctest */;
			productType = "com.apple.product-type.bundle.unit-test";
		};
		040846E1278061BD0072D8B2 /* asdUITests */ = {
			isa = PBXNativeTarget;
			buildConfigurationList = 040846F1278061BD0072D8B2 /* Build configuration list for PBXNativeTarget "asdUITests" */;
			buildPhases = (
				040846DE278061BD0072D8B2 /* Sources */,
				040846DF278061BD0072D8B2 /* Frameworks */,
				040846E0278061BD0072D8B2 /* Resources */,
			);
			buildRules = (
			);
			dependencies = (
				040846E4278061BD0072D8B2 /* PBXTargetDependency */,
			);
			name = asdUITests;
			productName = asdUITests;
			productReference = 040846E2278061BD0072D8B2 /* asdUITests.xctest */;
			productType = "com.apple.product-type.bundle.ui-testing";
		};
/* End PBXNativeTarget section */

/* Begin PBXProject section */
		040846BE278061BB0072D8B2 /* Project object */ = {
			isa = PBXProject;
			attributes = {
				LastSwiftUpdateCheck = 1250;
				LastUpgradeCheck = 1250;
				TargetAttributes = {
					040846C5278061BB0072D8B2 = {
						CreatedOnToolsVersion = 12.5.1;
					};
					040846D6278061BD0072D8B2 = {
						CreatedOnToolsVersion = 12.5.1;
						TestTargetID = 040846C5278061BB0072D8B2;
					};
					040846E1278061BD0072D8B2 = {
						CreatedOnToolsVersion = 12.5.1;
						TestTargetID = 040846C5278061BB0072D8B2;
					};
				};
			};
			buildConfigurationList = 040846C1278061BB0072D8B2 /* Build configuration list for PBXProject "asd" */;
			compatibilityVersion = "Xcode 9.3";
			developmentRegion = en;
			hasScannedForEncodings = 0;
			knownRegions = (
				en,
				Base,
			);
			mainGroup = 040846BD278061BB0072D8B2;
			productRefGroup = 040846C7278061BB0072D8B2 /* Products */;
			projectDirPath = "";
			projectRoot = "";
			targets = (
				040846C5278061BB0072D8B2 /* asd */,
				040846D6278061BD0072D8B2 /* asdTests */,
				040846E1278061BD0072D8B2 /* asdUITests */,
			);
		};
/* End PBXProject section */

/* Begin PBXResourcesBuildPhase section */
		040846C4278061BB0072D8B2 /* Resources */ = {
			isa = PBXResourcesBuildPhase;
			buildActionMask = 2147483647;
			files = (
				040846D1278061BD0072D8B2 /* Preview Assets.xcassets in Resources */,
				040846CE278061BD0072D8B2 /* Assets.xcassets in Resources */,
			);
			runOnlyForDeploymentPostprocessing = 0;
		};
		040846D5278061BD0072D8B2 /* Resources */ = {
			isa = PBXResourcesBuildPhase;
			buildActionMask = 2147483647;
			files = (
			);
			runOnlyForDeploymentPostprocessing = 0;
		};
		040846E0278061BD0072D8B2 /* Resources */ = {
			isa = PBXResourcesBuildPhase;
			buildActionMask = 2147483647;
			files = (
			);
			runOnlyForDeploymentPostprocessing = 0;
		};
/* End PBXResourcesBuildPhase section */

/* Begin PBXSourcesBuildPhase section */
		040846C2278061BB0072D8B2 /* Sources */ = {
			isa = PBXSourcesBuildPhase;
			buildActionMask = 2147483647;
			files = (
				040846CC278061BB0072D8B2 /* ContentView.swift in Sources */,
				040846CA278061BB0072D8B2 /* asdApp.swift in Sources */,
			);
			runOnlyForDeploymentPostprocessing = 0;
		};
		040846D3278061BD0072D8B2 /* Sources */ = {
			isa = PBXSourcesBuildPhase;
			buildActionMask = 2147483647;
			files = (
				040846DC278061BD0072D8B2 /* asdTests.swift in Sources */,
			);
			runOnlyForDeploymentPostprocessing = 0;
		};
		040846DE278061BD0072D8B2 /* Sources */ = {
			isa = PBXSourcesBuildPhase;
			buildActionMask = 2147483647;
			files = (
				040846E7278061BD0072D8B2 /* asdUITests.swift in Sources */,
			);
			runOnlyForDeploymentPostprocessing = 0;
		};
/* End PBXSourcesBuildPhase section */

/* Begin PBXTargetDependency section */
		040846D9278061BD0072D8B2 /* PBXTargetDependency */ = {
			isa = PBXTargetDependency;
			target = 040846C5278061BB0072D8B2 /* asd */;
			targetProxy = 040846D8278061BD0072D8B2 /* PBXContainerItemProxy */;
		};
		040846E4278061BD0072D8B2 /* PBXTargetDependency */ = {
			isa = PBXTargetDependency;
			target = 040846C5278061BB0072D8B2 /* asd */;
			targetProxy = 040846E3278061BD0072D8B2 /* PBXContainerItemProxy */;
		};
/* End PBXTargetDependency section */

/* Begin XCBuildConfiguration section */
		040846E9278061BD0072D8B2 /* Debug */ = {
			isa = XCBuildConfiguration;
			buildSettings = {
				ALWAYS_SEARCH_USER_PATHS = NO;
				CLANG_ANALYZER_NONNULL = YES;
				CLANG_ANALYZER_NUMBER_OBJECT_CONVERSION = YES_AGGRESSIVE;
				CLANG_CXX_LANGUAGE_STANDARD = "gnu++14";
				CLANG_CXX_LIBRARY = "libc++";
				CLANG_ENABLE_MODULES = YES;
				CLANG_ENABLE_OBJC_ARC = YES;
				CLANG_ENABLE_OBJC_WEAK = YES;
				CLANG_WARN_BLOCK_CAPTURE_AUTORELEASING = YES;
				CLANG_WARN_BOOL_CONVERSION = YES;
				CLANG_WARN_COMMA = YES;
				CLANG_WARN_CONSTANT_CONVERSION = YES;
				CLANG_WARN_DEPRECATED_OBJC_IMPLEMENTATIONS = YES;
				CLANG_WARN_DIRECT_OBJC_ISA_USAGE = YES_ERROR;
				CLANG_WARN_DOCUMENTATION_COMMENTS = YES;
				CLANG_WARN_EMPTY_BODY = YES;
				CLANG_WARN_ENUM_CONVERSION = YES;
				CLANG_WARN_INFINITE_RECURSION = YES;
				CLANG_WARN_INT_CONVERSION = YES;
				CLANG_WARN_NON_LITERAL_NULL_CONVERSION = YES;
				CLANG_WARN_OBJC_IMPLICIT_RETAIN_SELF = YES;
				CLANG_WARN_OBJC_LITERAL_CONVERSION = YES;
				CLANG_WARN_OBJC_ROOT_CLASS = YES_ERROR;
				CLANG_WARN_QUOTED_INCLUDE_IN_FRAMEWORK_HEADER = YES;
				CLANG_WARN_RANGE_LOOP_ANALYSIS = YES;
				CLANG_WARN_STRICT_PROTOTYPES = YES;
				CLANG_WARN_SUSPICIOUS_MOVE = YES;
				CLANG_WARN_UNGUARDED_AVAILABILITY = YES_AGGRESSIVE;
				CLANG_WARN_UNREACHABLE_CODE = YES;
				CLANG_WARN__DUPLICATE_METHOD_MATCH = YES;
				COPY_PHASE_STRIP = NO;
				DEBUG_INFORMATION_FORMAT = dwarf;
				ENABLE_STRICT_OBJC_MSGSEND = YES;
				ENABLE_TESTABILITY = YES;
				GCC_C_LANGUAGE_STANDARD = gnu11;
				GCC_DYNAMIC_NO_PIC = NO;
				GCC_NO_COMMON_BLOCKS = YES;
				GCC_OPTIMIZATION_LEVEL = 0;
				GCC_PREPROCESSOR_DEFINITIONS = (
					"DEBUG=1",
					"$(inherited)",
				);
				GCC_WARN_64_TO_32_BIT_CONVERSION = YES;
				GCC_WARN_ABOUT_RETURN_TYPE = YES_ERROR;
				GCC_WARN_UNDECLARED_SELECTOR = YES;
				GCC_WARN_UNINITIALIZED_AUTOS = YES_AGGRESSIVE;
				GCC_WARN_UNUSED_FUNCTION = YES;
				GCC_WARN_UNUSED_VARIABLE = YES;
				IPHONEOS_DEPLOYMENT_TARGET = 14.5;
				MTL_ENABLE_DEBUG_INFO = INCLUDE_SOURCE;
				MTL_FAST_MATH = YES;
				ONLY_ACTIVE_ARCH = YES;
				SDKROOT = iphoneos;
				SWIFT_ACTIVE_COMPILATION_CONDITIONS = DEBUG;
				SWIFT_OPTIMIZATION_LEVEL = "-Onone";
			};
			name = Debug;
		};
		040846EA278061BD0072D8B2 /* Release */ = {
			isa = XCBuildConfiguration;
			buildSettings = {
				ALWAYS_SEARCH_USER_PATHS = NO;
				CLANG_ANALYZER_NONNULL = YES;
				CLANG_ANALYZER_NUMBER_OBJECT_CONVERSION = YES_AGGRESSIVE;
				CLANG_CXX_LANGUAGE_STANDARD = "gnu++14";
				CLANG_CXX_LIBRARY = "libc++";
				CLANG_ENABLE_MODULES = YES;
				CLANG_ENABLE_OBJC_ARC = YES;
				CLANG_ENABLE_OBJC_WEAK = YES;
				CLANG_WARN_BLOCK_CAPTURE_AUTORELEASING = YES;
				CLANG_WARN_BOOL_CONVERSION = YES;
				CLANG_WARN_COMMA = YES;
				CLANG_WARN_CONSTANT_CONVERSION = YES;
				CLANG_WARN_DEPRECATED_OBJC_IMPLEMENTATIONS = YES;
				CLANG_WARN_DIRECT_OBJC_ISA_USAGE = YES_ERROR;
				CLANG_WARN_DOCUMENTATION_COMMENTS = YES;
				CLANG_WARN_EMPTY_BODY = YES;
				CLANG_WARN_ENUM_CONVERSION = YES;
				CLANG_WARN_INFINITE_RECURSION = YES;
				CLANG_WARN_INT_CONVERSION = YES;
				CLANG_WARN_NON_LITERAL_NULL_CONVERSION = YES;
				CLANG_WARN_OBJC_IMPLICIT_RETAIN_SELF = YES;
				CLANG_WARN_OBJC_LITERAL_CONVERSION = YES;
				CLANG_WARN_OBJC_ROOT_CLASS = YES_ERROR;
				CLANG_WARN_QUOTED_INCLUDE_IN_FRAMEWORK_HEADER = YES;
				CLANG_WARN_RANGE_LOOP_ANALYSIS = YES;
				CLANG_WARN_STRICT_PROTOTYPES = YES;
				CLANG_WARN_SUSPICIOUS_MOVE = YES;
				CLANG_WARN_UNGUARDED_AVAILABILITY = YES_AGGRESSIVE;
				CLANG_WARN_UNREACHABLE_CODE = YES;
				CLANG_WARN__DUPLICATE_METHOD_MATCH = YES;
				COPY_PHASE_STRIP = NO;
				DEBUG_INFORMATION_FORMAT = "dwarf-with-dsym";
				ENABLE_NS_ASSERTIONS = NO;
				ENABLE_STRICT_OBJC_MSGSEND = YES;
				GCC_C_LANGUAGE_STANDARD = gnu11;
				GCC_NO_COMMON_BLOCKS = YES;
				GCC_WARN_64_TO_32_BIT_CONVERSION = YES;
				GCC_WARN_ABOUT_RETURN_TYPE = YES_ERROR;
				GCC_WARN_UNDECLARED_SELECTOR = YES;
				GCC_WARN_UNINITIALIZED_AUTOS = YES_AGGRESSIVE;
				GCC_WARN_UNUSED_FUNCTION = YES;
				GCC_WARN_UNUSED_VARIABLE = YES;
				IPHONEOS_DEPLOYMENT_TARGET = 14.5;
				MTL_ENABLE_DEBUG_INFO = NO;
				MTL_FAST_MATH = YES;
				SDKROOT = iphoneos;
				SWIFT_COMPILATION_MODE = wholemodule;
				SWIFT_OPTIMIZATION_LEVEL = "-O";
				VALIDATE_PRODUCT = YES;
			};
			name = Release;
		};
		040846EC278061BD0072D8B2 /* Debug */ = {
			isa = XCBuildConfiguration;
			buildSettings = {
				ASSETCATALOG_COMPILER_APPICON_NAME = AppIcon;
				ASSETCATALOG_COMPILER_GLOBAL_ACCENT_COLOR_NAME = AccentColor;
				CODE_SIGN_STYLE = Automatic;
				DEVELOPMENT_ASSET_PATHS = "\"asd/Preview Content\"";
				DEVELOPMENT_TEAM = MY2B9QQ34R;
				ENABLE_PREVIEWS = YES;
				INFOPLIST_FILE = asd/Info.plist;
				IPHONEOS_DEPLOYMENT_TARGET = 14.0;
				LD_RUNPATH_SEARCH_PATHS = (
					"$(inherited)",
					"@executable_path/Frameworks",
				);
				PRODUCT_BUNDLE_IDENTIFIER = wasd.asd;
				PRODUCT_NAME = "$(TARGET_NAME)";
				SWIFT_VERSION = 5.0;
				TARGETED_DEVICE_FAMILY = "1,2";
			};
			name = Debug;
		};
		040846ED278061BD0072D8B2 /* Release */ = {
			isa = XCBuildConfiguration;
			buildSettings = {
				ASSETCATALOG_COMPILER_APPICON_NAME = AppIcon;
				ASSETCATALOG_COMPILER_GLOBAL_ACCENT_COLOR_NAME = AccentColor;
				CODE_SIGN_STYLE = Automatic;
				DEVELOPMENT_ASSET_PATHS = "\"asd/Preview Content\"";
				DEVELOPMENT_TEAM = MY2B9QQ34R;
				ENABLE_PREVIEWS = YES;
				INFOPLIST_FILE = asd/Info.plist;
				IPHONEOS_DEPLOYMENT_TARGET = 14.0;
				LD_RUNPATH_SEARCH_PATHS = (
					"$(inherited)",
					"@executable_path/Frameworks",
				);
				PRODUCT_BUNDLE_IDENTIFIER = wasd.asd;
				PRODUCT_NAME = "$(TARGET_NAME)";
				SWIFT_VERSION = 5.0;
				TARGETED_DEVICE_FAMILY = "1,2";
			};
			name = Release;
		};
		040846EF278061BD0072D8B2 /* Debug */ = {
			isa = XCBuildConfiguration;
			buildSettings = {
				ALWAYS_EMBED_SWIFT_STANDARD_LIBRARIES = YES;
				BUNDLE_LOADER = "$(TEST_HOST)";
				CODE_SIGN_STYLE = Automatic;
				DEVELOPMENT_TEAM = MY2B9QQ34R;
				INFOPLIST_FILE = asdTests/Info.plist;
				IPHONEOS_DEPLOYMENT_TARGET = 14.0;
				LD_RUNPATH_SEARCH_PATHS = (
					"$(inherited)",
					"@executable_path/Frameworks",
					"@loader_path/Frameworks",
				);
				PRODUCT_BUNDLE_IDENTIFIER = wasd.asdTests;
				PRODUCT_NAME = "$(TARGET_NAME)";
				SWIFT_VERSION = 5.0;
				TARGETED_DEVICE_FAMILY = "1,2";
				TEST_HOST = "$(BUILT_PRODUCTS_DIR)/asd.app/asd";
			};
			name = Debug;
		};
		040846F0278061BD0072D8B2 /* Release */ = {
			isa = XCBuildConfiguration;
			buildSettings = {
				ALWAYS_EMBED_SWIFT_STANDARD_LIBRARIES = YES;
				BUNDLE_LOADER = "$(TEST_HOST)";
				CODE_SIGN_STYLE = Automatic;
				DEVELOPMENT_TEAM = MY2B9QQ34R;
				INFOPLIST_FILE = asdTests/Info.plist;
				IPHONEOS_DEPLOYMENT_TARGET = 14.0;
				LD_RUNPATH_SEARCH_PATHS = (
					"$(inherited)",
					"@executable_path/Frameworks",
					"@loader_path/Frameworks",
				);
				PRODUCT_BUNDLE_IDENTIFIER = wasd.asdTests;
				PRODUCT_NAME = "$(TARGET_NAME)";
				SWIFT_VERSION = 5.0;
				TARGETED_DEVICE_FAMILY = "1,2";
				TEST_HOST = "$(BUILT_PRODUCTS_DIR)/asd.app/asd";
			};
			name = Release;
		};
		040846F2278061BD0072D8B2 /* Debug */ = {
			isa = XCBuildConfiguration;
			buildSettings = {
				ALWAYS_EMBED_SWIFT_STANDARD_LIBRARIES = YES;
				CODE_SIGN_STYLE = Automatic;
				DEVELOPMENT_TEAM = MY2B9QQ34R;
				INFOPLIST_FILE = asdUITests/Info.plist;
				LD_RUNPATH_SEARCH_PATHS = (
					"$(inherited)",
					"@executable_path/Frameworks",
					"@loader_path/Frameworks",
				);
				PRODUCT_BUNDLE_IDENTIFIER = wasd.asdUITests;
				PRODUCT_NAME = "$(TARGET_NAME)";
				SWIFT_VERSION = 5.0;
				TARGETED_DEVICE_FAMILY = "1,2";
				TEST_TARGET_NAME = asd;
			};
			name = Debug;
		};
		040846F3278061BD0072D8B2 /* Release */ = {
			isa = XCBuildConfiguration;
			buildSettings = {
				ALWAYS_EMBED_SWIFT_STANDARD_LIBRARIES = YES;
				CODE_SIGN_STYLE = Automatic;
				DEVELOPMENT_TEAM = MY2B9QQ34R;
				INFOPLIST_FILE = asdUITests/Info.plist;
				LD_RUNPATH_SEARCH_PATHS = (
					"$(inherited)",
					"@executable_path/Frameworks",
					"@loader_path/Frameworks",
				);
				PRODUCT_BUNDLE_IDENTIFIER = wasd.asdUITests;
				PRODUCT_NAME = "$(TARGET_NAME)";
				SWIFT_VERSION = 5.0;
				TARGETED_DEVICE_FAMILY = "1,2";
				TEST_TARGET_NAME = asd;
			};
			name = Release;
		};
/* End XCBuildConfiguration section */

/* Begin XCConfigurationList section */
		040846C1278061BB0072D8B2 /* Build configuration list for PBXProject "asd" */ = {
			isa = XCConfigurationList;
			buildConfigurations = (
				040846E9278061BD0072D8B2 /* Debug */,
				040846EA278061BD0072D8B2 /* Release */,
			);
			defaultConfigurationIsVisible = 0;
			defaultConfigurationName = Release;
		};
		040846EB278061BD0072D8B2 /* Build configuration list for PBXNativeTarget "asd" */ = {
			isa = XCConfigurationList;
			buildConfigurations = (
				040846EC278061BD0072D8B2 /* Debug */,
				040846ED278061BD0072D8B2 /* Release */,
			);
			defaultConfigurationIsVisible = 0;
			defaultConfigurationName = Release;
		};
		040846EE278061BD0072D8B2 /* Build configuration list for PBXNativeTarget "asdTests" */ = {
			isa = XCConfigurationList;
			buildConfigurations = (
				040846EF278061BD0072D8B2 /* Debug */,
				040846F0278061BD0072D8B2 /* Release */,
			);
			defaultConfigurationIsVisible = 0;
			defaultConfigurationName = Release;
		};
		040846F1278061BD0072D8B2 /* Build configuration list for PBXNativeTarget "asdUITests" */ = {
			isa = XCConfigurationList;
			buildConfigurations = (
				040846F2278061BD0072D8B2 /* Debug */,
				040846F3278061BD0072D8B2 /* Release */,
			);
			defaultConfigurationIsVisible = 0;
			defaultConfigurationName = Release;
		};
/* End XCConfigurationList section */
	};
	rootObject = 040846BE278061BB0072D8B2 /* Project object */;
}
